
Microsoft Visual Studio Solution File, Format Version 12.00
# Visual Studio 15
VisualStudioVersion = 15.0.27703.2042
MinimumVisualStudioVersion = 10.0.40219.1
Project("{9A19103F-16F7-4668-BE54-9A1E7A4F7556}") = "EShopWorld.Hackathon.ASNValidator.Core", "EShopWorld.Hackathon.ASNValidator.Core\EShopWorld.Hackathon.ASNValidator.Core.csproj", "{EBC02069-31D2-49F8-B915-50FEAD4C5473}"
EndProject
Project("{FAE04EC0-301F-11D3-BF4B-00C04F79EFBC}") = "EShopWorld.Hackathon.ASNValidator.Tests", "EShopWorld.Hackathon.ASNValidator.Tests\EShopWorld.Hackathon.ASNValidator.Tests.csproj", "{307886F8-F6C8-46BD-82C7-8F85AE8694AF}"
EndProject
Global
	GlobalSection(SolutionConfigurationPlatforms) = preSolution
		Debug|Any CPU = Debug|Any CPU
		Release|Any CPU = Release|Any CPU
	EndGlobalSection
	GlobalSection(ProjectConfigurationPlatforms) = postSolution
		{EBC02069-31D2-49F8-B915-50FEAD4C5473}.Debug|Any CPU.ActiveCfg = Debug|Any CPU
		{EBC02069-31D2-49F8-B915-50FEAD4C5473}.Debug|Any CPU.Build.0 = Debug|Any CPU
		{EBC02069-31D2-49F8-B915-50FEAD4C5473}.Release|Any CPU.ActiveCfg = Release|Any CPU
		{EBC02069-31D2-49F8-B915-50FEAD4C5473}.Release|Any CPU.Build.0 = Release|Any CPU
		{307886F8-F6C8-46BD-82C7-8F85AE8694AF}.Debug|Any CPU.ActiveCfg = Debug|Any CPU
		{307886F8-F6C8-46BD-82C7-8F85AE8694AF}.Debug|Any CPU.Build.0 = Debug|Any CPU
		{307886F8-F6C8-46BD-82C7-8F85AE8694AF}.Release|Any CPU.ActiveCfg = Release|Any CPU
		{307886F8-F6C8-46BD-82C7-8F85AE8694AF}.Release|Any CPU.Build.0 = Release|Any CPU
	EndGlobalSection
	GlobalSection(SolutionProperties) = preSolution
		HideSolutionNode = FALSE
	EndGlobalSection
	GlobalSection(ExtensibilityGlobals) = postSolution
		SolutionGuid = {1AF1E2B5-1FE3-45BC-A569-7676DC544A95}
	EndGlobalSection
EndGlobal
